{"format_version":"0.1","terraform_version":"0.14.9","planned_values":{"root_module":{"resources":[{"address":"aws_instance.blog-host","mode":"managed","type":"aws_instance","name":"blog-host","provider_name":"registry.terraform.io/hashicorp/aws","schema_version":1,"values":{"ami":"ami-830c94e3","credit_specification":[],"disable_api_termination":null,"ebs_optimized":null,"get_password_data":false,"hibernation":null,"iam_instance_profile":null,"instance_initiated_shutdown_behavior":null,"instance_type":"t2.micro","monitoring":null,"source_dest_check":true,"tags":null,"timeouts":null,"user_data":null,"user_data_base64":null}},{"address":"aws_s3_bucket.blog-files","mode":"managed","type":"aws_s3_bucket","name":"blog-files","provider_name":"registry.terraform.io/hashicorp/aws","schema_version":0,"values":{"acl":"public-read","bucket":"blog-static.purpledobie.com","bucket_prefix":null,"cors_rule":[],"force_destroy":false,"grant":[],"lifecycle_rule":[],"logging":[],"object_lock_configuration":[],"policy":null,"replication_configuration":[],"server_side_encryption_configuration":[],"tags":null,"website":[{"error_document":"error.html","index_document":"index.html","redirect_all_requests_to":null,"routing_rules":"[{\"Condition\":{\"KeyPrefixEquals\":\"docs/\"},\"Redirect\":{\"ReplaceKeyPrefixWith\":\"documents/\"}}]"}]}}]}},"resource_changes":[{"address":"aws_instance.blog-host","mode":"managed","type":"aws_instance","name":"blog-host","provider_name":"registry.terraform.io/hashicorp/aws","change":{"actions":["create"],"before":null,"after":{"ami":"ami-830c94e3","credit_specification":[],"disable_api_termination":null,"ebs_optimized":null,"get_password_data":false,"hibernation":null,"iam_instance_profile":null,"instance_initiated_shutdown_behavior":null,"instance_type":"t2.micro","monitoring":null,"source_dest_check":true,"tags":null,"timeouts":null,"user_data":null,"user_data_base64":null},"after_unknown":{"arn":true,"associate_public_ip_address":true,"availability_zone":true,"cpu_core_count":true,"cpu_threads_per_core":true,"credit_specification":[],"ebs_block_device":true,"ephemeral_block_device":true,"host_id":true,"id":true,"instance_state":true,"ipv6_address_count":true,"ipv6_addresses":true,"key_name":true,"metadata_options":true,"network_interface":true,"network_interface_id":true,"outpost_arn":true,"password_data":true,"placement_group":true,"primary_network_interface_id":true,"private_dns":true,"private_ip":true,"public_dns":true,"public_ip":true,"root_block_device":true,"security_groups":true,"subnet_id":true,"tenancy":true,"volume_tags":true,"vpc_security_group_ids":true}}},{"address":"aws_s3_bucket.blog-files","mode":"managed","type":"aws_s3_bucket","name":"blog-files","provider_name":"registry.terraform.io/hashicorp/aws","change":{"actions":["create"],"before":null,"after":{"acl":"public-read","bucket":"blog-static.purpledobie.com","bucket_prefix":null,"cors_rule":[],"force_destroy":false,"grant":[],"lifecycle_rule":[],"logging":[],"object_lock_configuration":[],"policy":null,"replication_configuration":[],"server_side_encryption_configuration":[],"tags":null,"website":[{"error_document":"error.html","index_document":"index.html","redirect_all_requests_to":null,"routing_rules":"[{\"Condition\":{\"KeyPrefixEquals\":\"docs/\"},\"Redirect\":{\"ReplaceKeyPrefixWith\":\"documents/\"}}]"}]},"after_unknown":{"acceleration_status":true,"arn":true,"bucket_domain_name":true,"bucket_regional_domain_name":true,"cors_rule":[],"grant":[],"hosted_zone_id":true,"id":true,"lifecycle_rule":[],"logging":[],"object_lock_configuration":[],"region":true,"replication_configuration":[],"request_payer":true,"server_side_encryption_configuration":[],"versioning":true,"website":[{}],"website_domain":true,"website_endpoint":true}}}],"configuration":{"provider_config":{"aws":{"name":"aws","version_constraint":"~\u003e 2.70","expressions":{"profile":{"constant_value":"default"},"region":{"constant_value":"us-west-2"}}}},"root_module":{"resources":[{"address":"aws_instance.blog-host","mode":"managed","type":"aws_instance","name":"blog-host","provider_config_key":"aws","expressions":{"ami":{"constant_value":"ami-830c94e3"},"instance_type":{"constant_value":"t2.micro"}},"schema_version":1},{"address":"aws_s3_bucket.blog-files","mode":"managed","type":"aws_s3_bucket","name":"blog-files","provider_config_key":"aws","expressions":{"acl":{"constant_value":"public-read"},"bucket":{"constant_value":"blog-static.purpledobie.com"},"website":[{"error_document":{"constant_value":"error.html"},"index_document":{"constant_value":"index.html"},"routing_rules":{"constant_value":"[{\n    \"Condition\": {\n        \"KeyPrefixEquals\": \"docs/\"\n    },\n    \"Redirect\": {\n        \"ReplaceKeyPrefixWith\": \"documents/\"\n    }\n}]\n"}}]},"schema_version":0}]}}}
